
Microsoft Visual Studio Solution File, Format Version 12.00
# Visual Studio 2013
VisualStudioVersion = 12.0.30723.0
MinimumVisualStudioVersion = 10.0.40219.1
Project("{FAE04EC0-301F-11D3-BF4B-00C04F79EFBC}") = "toastr.Net", "toastr.Net.Core\toastr.Net.csproj", "{2FFDBE3E-144E-4BBF-8728-4A81317B977D}"
EndProject
Project("{FAE04EC0-301F-11D3-BF4B-00C04F79EFBC}") = "toastr.Net.Demo", "toastr.Net.Demo\toastr.Net.Demo.csproj", "{DDCA1589-3BBD-45FB-B69B-3E1250B08442}"
EndProject
Global
	GlobalSection(SolutionConfigurationPlatforms) = preSolution
		Debug|Any CPU = Debug|Any CPU
		Release|Any CPU = Release|Any CPU
	EndGlobalSection
	GlobalSection(ProjectConfigurationPlatforms) = postSolution
		{2FFDBE3E-144E-4BBF-8728-4A81317B977D}.Debug|Any CPU.ActiveCfg = Debug|Any CPU
		{2FFDBE3E-144E-4BBF-8728-4A81317B977D}.Debug|Any CPU.Build.0 = Debug|Any CPU
		{2FFDBE3E-144E-4BBF-8728-4A81317B977D}.Release|Any CPU.ActiveCfg = Release|Any CPU
		{2FFDBE3E-144E-4BBF-8728-4A81317B977D}.Release|Any CPU.Build.0 = Release|Any CPU
		{DDCA1589-3BBD-45FB-B69B-3E1250B08442}.Debug|Any CPU.ActiveCfg = Debug|Any CPU
		{DDCA1589-3BBD-45FB-B69B-3E1250B08442}.Debug|Any CPU.Build.0 = Debug|Any CPU
		{DDCA1589-3BBD-45FB-B69B-3E1250B08442}.Release|Any CPU.ActiveCfg = Release|Any CPU
		{DDCA1589-3BBD-45FB-B69B-3E1250B08442}.Release|Any CPU.Build.0 = Release|Any CPU
	EndGlobalSection
	GlobalSection(SolutionProperties) = preSolution
		HideSolutionNode = FALSE
	EndGlobalSection
EndGlobal
